{
  "originHash" : "f8e22c200e5761124f08c2a3a27f7ca2e6f0fb45e5022072a54f009f377e96ef",
  "pins" : [
    {
      "identity" : "bonsplit",
      "kind" : "remoteSourceControl",
      "location" : "https://github.com/ben-million/bonsplit.git",
      "state" : {
        "revision" : "a7f1fdb5af8fe3aba118c9594e0969c15d6f2713"
      }
    }
  ],
  "version" : 3
}
